{
  "nodes": {
    "nixpkgs": {
      "locked": {
        "lastModified": 1664396428,
        "narHash": "sha256-0shzzV/m4iks7GE5O2nf0xRZc1df0spGxmKKjpCfSsA=",
        "path": "/nix/store/6g5p83inbkzh01c56jnl2r2x2ck4m79l-source",
        "rev": "aa0f35222dde3af270dbf62091b4a87ac43270f4",
        "type": "path"
      },
      "original": {
        "id": "nixpkgs",
        "type": "indirect"
      }
    },
    "root": {
      "inputs": {
        "nixpkgs": "nixpkgs"
      }
    }
  },
  "root": "root",
  "version": 7
}
