{
  "nodes": {
    "nixpkgs": {
      "locked": {
        "lastModified": 1684838849,
        "narHash": "sha256-AHbsp9OSLhzjSwVnkko+VvPWcmWuybuwxmuWWMLMaAM=",
        "owner": "NixOS",
        "repo": "nixpkgs",
        "rev": "93581dbb574af0b5142638a559aa66db1ddc4042",
        "type": "github"
      },
      "original": {
        "owner": "NixOS",
        "ref": "master",
        "repo": "nixpkgs",
        "type": "github"
      }
    },
    "root": {
      "inputs": {
        "nixpkgs": "nixpkgs"
      }
    }
  },
  "root": "root",
  "version": 7
}
