{
  "nodes": {
    "nixpkgs": {
      "locked": {
        "lastModified": 1731607852,
        "narHash": "sha256-Gsump9fWK4N8j4o4//ejuJCQJ0mL6wOuAd/lJ+8q4cE=",
        "owner": "NixOS",
        "repo": "nixpkgs",
        "rev": "6e88b6175a0cde6a737756c13f89abe00227e4c1",
        "type": "github"
      },
      "original": {
        "owner": "NixOS",
        "ref": "master",
        "repo": "nixpkgs",
        "type": "github"
      }
    },
    "root": {
      "inputs": {
        "nixpkgs": "nixpkgs"
      }
    }
  },
  "root": "root",
  "version": 7
}
