{
    "name": "tiddlydesktop",
    "version": "0.0.16",
    "lockfileVersion": 2,
    "requires": true,
    "packages": {
        "": {
            "name": "tiddlydesktop",
            "version": "0.0.16",
            "license": "BSD",
            "dependencies": {
                "tiddlywiki": "github:Jermolene/TiddlyWiki5"
            }
        },
        "node_modules/tiddlywiki": {
            "version": "5.2.6-prerelease",
            "resolved": "git+ssh://git@github.com/Jermolene/TiddlyWiki5.git#6e10918a28451fc82cdbb494377bcdcd05a10337",
            "license": "BSD",
            "bin": {
                "tiddlywiki": "tiddlywiki.js"
            },
            "engines": {
                "node": ">=0.8.2"
            }
        }
    },
    "dependencies": {
        "tiddlywiki": {
            "version": "git+ssh://git@github.com/Jermolene/TiddlyWiki5.git#6e10918a28451fc82cdbb494377bcdcd05a10337",
            "from": "tiddlywiki@github:Jermolene/TiddlyWiki5"
        }
    }
}
