{
	"name": "tiddlydesktop",
	"version": "0.0.14-prerelease.2",
	"lockfileVersion": 1,
	"requires": true,
	"dependencies": {
		"tiddlywiki": {
			"version": "github:Jermolene/TiddlyWiki5#75d65d2694d31688c6e18d6d9ce28826c17a71e8",
			"from": "github:Jermolene/TiddlyWiki5#75d65d2694d31688c6e18d6d9ce28826c17a71e8"
		}
	}
}
