{
    "name": "tiddlydesktop",
    "version": "0.0.15-prerelease.4",
    "lockfileVersion": 2,
    "requires": true,
    "packages": {
        "": {
            "name": "tiddlydesktop",
            "version": "0.0.15-prerelease.4",
            "license": "BSD",
            "dependencies": {
                "tiddlywiki": "github:Jermolene/TiddlyWiki5"
            }
        },
        "node_modules/tiddlywiki": {
            "version": "5.2.4-prerelease",
            "resolved": "git+ssh://git@github.com/Jermolene/TiddlyWiki5.git#3918e59cc143683ae225892ce3ba61bc8329fad8",
            "license": "BSD",
            "bin": {
                "tiddlywiki": "tiddlywiki.js"
            },
            "engines": {
                "node": ">=0.8.2"
            }
        }
    },
    "dependencies": {
        "tiddlywiki": {
            "version": "git+ssh://git@github.com/Jermolene/TiddlyWiki5.git#3918e59cc143683ae225892ce3ba61bc8329fad8",
            "from": "tiddlywiki@github:Jermolene/TiddlyWiki5"
        }
    }
}
